// !$*UTF8*$!
{
	archiveVersion = 1;
	classes = {
	};
	objectVersion = 46;
	objects = {

/* Begin PBXBuildFile section */
		6772B5B32EAEF67B682B037B /* libPods-ZYY_MJExtensionStudy.a in Frameworks */ = {isa = PBXBuildFile; fileRef = D107EFA1348ADB6356D552F7 /* libPods-ZYY_MJExtensionStudy.a */; };
		A03E17651D5B00B6004DE13D /* main.m in Sources */ = {isa = PBXBuildFile; fileRef = A03E17641D5B00B6004DE13D /* main.m */; };
		A03E17681D5B00B6004DE13D /* AppDelegate.m in Sources */ = {isa = PBXBuildFile; fileRef = A03E17671D5B00B6004DE13D /* AppDelegate.m */; };
		A03E176B1D5B00B6004DE13D /* ViewController.m in Sources */ = {isa = PBXBuildFile; fileRef = A03E176A1D5B00B6004DE13D /* ViewController.m */; };
		A03E176E1D5B00B6004DE13D /* Main.storyboard in Resources */ = {isa = PBXBuildFile; fileRef = A03E176C1D5B00B6004DE13D /* Main.storyboard */; };
		A03E17701D5B00B6004DE13D /* Assets.xcassets in Resources */ = {isa = PBXBuildFile; fileRef = A03E176F1D5B00B6004DE13D /* Assets.xcassets */; };
		A03E17731D5B00B6004DE13D /* LaunchScreen.storyboard in Resources */ = {isa = PBXBuildFile; fileRef = A03E17711D5B00B6004DE13D /* LaunchScreen.storyboard */; };
		A03E177E1D5B00B6004DE13D /* ZYY_MJExtensionStudyTests.m in Sources */ = {isa = PBXBuildFile; fileRef = A03E177D1D5B00B6004DE13D /* ZYY_MJExtensionStudyTests.m */; };
		A03E17891D5B00B6004DE13D /* ZYY_MJExtensionStudyUITests.m in Sources */ = {isa = PBXBuildFile; fileRef = A03E17881D5B00B6004DE13D /* ZYY_MJExtensionStudyUITests.m */; };
/* End PBXBuildFile section */

/* Begin PBXContainerItemProxy section */
		A03E177A1D5B00B6004DE13D /* PBXContainerItemProxy */ = {
			isa = PBXContainerItemProxy;
			containerPortal = A03E17581D5B00B6004DE13D /* Project object */;
			proxyType = 1;
			remoteGlobalIDString = A03E175F1D5B00B6004DE13D;
			remoteInfo = ZYY_MJExtensionStudy;
		};
		A03E17851D5B00B6004DE13D /* PBXContainerItemProxy */ = {
			isa = PBXContainerItemProxy;
			containerPortal = A03E17581D5B00B6004DE13D /* Project object */;
			proxyType = 1;
			remoteGlobalIDString = A03E175F1D5B00B6004DE13D;
			remoteInfo = ZYY_MJExtensionStudy;
		};
/* End PBXContainerItemProxy section */

/* Begin PBXFileReference section */
		3588CD6FC40DA4218411C7DC /* Pods-ZYY_MJExtensionStudy.release.xcconfig */ = {isa = PBXFileReference; includeInIndex = 1; lastKnownFileType = text.xcconfig; name = "Pods-ZYY_MJExtensionStudy.release.xcconfig"; path = "Pods/Target Support Files/Pods-ZYY_MJExtensionStudy/Pods-ZYY_MJExtensionStudy.release.xcconfig"; sourceTree = "<group>"; };
		792D11DBEF7E15CC835E6B63 /* Pods-ZYY_MJExtensionStudy.debug.xcconfig */ = {isa = PBXFileReference; includeInIndex = 1; lastKnownFileType = text.xcconfig; name = "Pods-ZYY_MJExtensionStudy.debug.xcconfig"; path = "Pods/Target Support Files/Pods-ZYY_MJExtensionStudy/Pods-ZYY_MJExtensionStudy.debug.xcconfig"; sourceTree = "<group>"; };
		A03E17601D5B00B6004DE13D /* ZYY_MJExtensionStudy.app */ = {isa = PBXFileReference; explicitFileType = wrapper.application; includeInIndex = 0; path = ZYY_MJExtensionStudy.app; sourceTree = BUILT_PRODUCTS_DIR; };
		A03E17641D5B00B6004DE13D /* main.m */ = {isa = PBXFileReference; lastKnownFileType = sourcecode.c.objc; path = main.m; sourceTree = "<group>"; };
		A03E17661D5B00B6004DE13D /* AppDelegate.h */ = {isa = PBXFileReference; lastKnownFileType = sourcecode.c.h; path = AppDelegate.h; sourceTree = "<group>"; };
		A03E17671D5B00B6004DE13D /* AppDelegate.m */ = {isa = PBXFileReference; lastKnownFileType = sourcecode.c.objc; path = AppDelegate.m; sourceTree = "<group>"; };
		A03E17691D5B00B6004DE13D /* ViewController.h */ = {isa = PBXFileReference; lastKnownFileType = sourcecode.c.h; path = ViewController.h; sourceTree = "<group>"; };
		A03E176A1D5B00B6004DE13D /* ViewController.m */ = {isa = PBXFileReference; lastKnownFileType = sourcecode.c.objc; path = ViewController.m; sourceTree = "<group>"; };
		A03E176D1D5B00B6004DE13D /* Base */ = {isa = PBXFileReference; lastKnownFileType = file.storyboard; name = Base; path = Base.lproj/Main.storyboard; sourceTree = "<group>"; };
		A03E176F1D5B00B6004DE13D /* Assets.xcassets */ = {isa = PBXFileReference; lastKnownFileType = folder.assetcatalog; path = Assets.xcassets; sourceTree = "<group>"; };
		A03E17721D5B00B6004DE13D /* Base */ = {isa = PBXFileReference; lastKnownFileType = file.storyboard; name = Base; path = Base.lproj/LaunchScreen.storyboard; sourceTree = "<group>"; };
		A03E17741D5B00B6004DE13D /* Info.plist */ = {isa = PBXFileReference; lastKnownFileType = text.plist.xml; path = Info.plist; sourceTree = "<group>"; };
		A03E17791D5B00B6004DE13D /* ZYY_MJExtensionStudyTests.xctest */ = {isa = PBXFileReference; explicitFileType = wrapper.cfbundle; includeInIndex = 0; path = ZYY_MJExtensionStudyTests.xctest; sourceTree = BUILT_PRODUCTS_DIR; };
		A03E177D1D5B00B6004DE13D /* ZYY_MJExtensionStudyTests.m */ = {isa = PBXFileReference; lastKnownFileType = sourcecode.c.objc; path = ZYY_MJExtensionStudyTests.m; sourceTree = "<group>"; };
		A03E177F1D5B00B6004DE13D /* Info.plist */ = {isa = PBXFileReference; lastKnownFileType = text.plist.xml; path = Info.plist; sourceTree = "<group>"; };
		A03E17841D5B00B6004DE13D /* ZYY_MJExtensionStudyUITests.xctest */ = {isa = PBXFileReference; explicitFileType = wrapper.cfbundle; includeInIndex = 0; path = ZYY_MJExtensionStudyUITests.xctest; sourceTree = BUILT_PRODUCTS_DIR; };
		A03E17881D5B00B6004DE13D /* ZYY_MJExtensionStudyUITests.m */ = {isa = PBXFileReference; lastKnownFileType = sourcecode.c.objc; path = ZYY_MJExtensionStudyUITests.m; sourceTree = "<group>"; };
		A03E178A1D5B00B6004DE13D /* Info.plist */ = {isa = PBXFileReference; lastKnownFileType = text.plist.xml; path = Info.plist; sourceTree = "<group>"; };
		D107EFA1348ADB6356D552F7 /* libPods-ZYY_MJExtensionStudy.a */ = {isa = PBXFileReference; explicitFileType = archive.ar; includeInIndex = 0; path = "libPods-ZYY_MJExtensionStudy.a"; sourceTree = BUILT_PRODUCTS_DIR; };
/* End PBXFileReference section */

/* Begin PBXFrameworksBuildPhase section */
		A03E175D1D5B00B6004DE13D /* Frameworks */ = {
			isa = PBXFrameworksBuildPhase;
			buildActionMask = 2147483647;
			files = (
				6772B5B32EAEF67B682B037B /* libPods-ZYY_MJExtensionStudy.a in Frameworks */,
			);
			runOnlyForDeploymentPostprocessing = 0;
		};
		A03E17761D5B00B6004DE13D /* Frameworks */ = {
			isa = PBXFrameworksBuildPhase;
			buildActionMask = 2147483647;
			files = (
			);
			runOnlyForDeploymentPostprocessing = 0;
		};
		A03E17811D5B00B6004DE13D /* Frameworks */ = {
			isa = PBXFrameworksBuildPhase;
			buildActionMask = 2147483647;
			files = (
			);
			runOnlyForDeploymentPostprocessing = 0;
		};
/* End PBXFrameworksBuildPhase section */

/* Begin PBXGroup section */
		2630692419EAD7220649F303 /* Frameworks */ = {
			isa = PBXGroup;
			children = (
				D107EFA1348ADB6356D552F7 /* libPods-ZYY_MJExtensionStudy.a */,
			);
			name = Frameworks;
			sourceTree = "<group>";
		};
		607F292DD9618F945FA27C4F /* Pods */ = {
			isa = PBXGroup;
			children = (
				792D11DBEF7E15CC835E6B63 /* Pods-ZYY_MJExtensionStudy.debug.xcconfig */,
				3588CD6FC40DA4218411C7DC /* Pods-ZYY_MJExtensionStudy.release.xcconfig */,
			);
			name = Pods;
			sourceTree = "<group>";
		};
		A03E17571D5B00B6004DE13D = {
			isa = PBXGroup;
			children = (
				A03E17621D5B00B6004DE13D /* ZYY_MJExtensionStudy */,
				A03E177C1D5B00B6004DE13D /* ZYY_MJExtensionStudyTests */,
				A03E17871D5B00B6004DE13D /* ZYY_MJExtensionStudyUITests */,
				A03E17611D5B00B6004DE13D /* Products */,
				607F292DD9618F945FA27C4F /* Pods */,
				2630692419EAD7220649F303 /* Frameworks */,
			);
			sourceTree = "<group>";
		};
		A03E17611D5B00B6004DE13D /* Products */ = {
			isa = PBXGroup;
			children = (
				A03E17601D5B00B6004DE13D /* ZYY_MJExtensionStudy.app */,
				A03E17791D5B00B6004DE13D /* ZYY_MJExtensionStudyTests.xctest */,
				A03E17841D5B00B6004DE13D /* ZYY_MJExtensionStudyUITests.xctest */,
			);
			name = Products;
			sourceTree = "<group>";
		};
		A03E17621D5B00B6004DE13D /* ZYY_MJExtensionStudy */ = {
			isa = PBXGroup;
			children = (
				A03E17661D5B00B6004DE13D /* AppDelegate.h */,
				A03E17671D5B00B6004DE13D /* AppDelegate.m */,
				A03E17691D5B00B6004DE13D /* ViewController.h */,
				A03E176A1D5B00B6004DE13D /* ViewController.m */,
				A03E176C1D5B00B6004DE13D /* Main.storyboard */,
				A03E176F1D5B00B6004DE13D /* Assets.xcassets */,
				A03E17711D5B00B6004DE13D /* LaunchScreen.storyboard */,
				A03E17741D5B00B6004DE13D /* Info.plist */,
				A03E17631D5B00B6004DE13D /* Supporting Files */,
			);
			path = ZYY_MJExtensionStudy;
			sourceTree = "<group>";
		};
		A03E17631D5B00B6004DE13D /* Supporting Files */ = {
			isa = PBXGroup;
			children = (
				A03E17641D5B00B6004DE13D /* main.m */,
			);
			name = "Supporting Files";
			sourceTree = "<group>";
		};
		A03E177C1D5B00B6004DE13D /* ZYY_MJExtensionStudyTests */ = {
			isa = PBXGroup;
			children = (
				A03E177D1D5B00B6004DE13D /* ZYY_MJExtensionStudyTests.m */,
				A03E177F1D5B00B6004DE13D /* Info.plist */,
			);
			path = ZYY_MJExtensionStudyTests;
			sourceTree = "<group>";
		};
		A03E17871D5B00B6004DE13D /* ZYY_MJExtensionStudyUITests */ = {
			isa = PBXGroup;
			children = (
				A03E17881D5B00B6004DE13D /* ZYY_MJExtensionStudyUITests.m */,
				A03E178A1D5B00B6004DE13D /* Info.plist */,
			);
			path = ZYY_MJExtensionStudyUITests;
			sourceTree = "<group>";
		};
/* End PBXGroup section */

/* Begin PBXNativeTarget section */
		A03E175F1D5B00B6004DE13D /* ZYY_MJExtensionStudy */ = {
			isa = PBXNativeTarget;
			buildConfigurationList = A03E178D1D5B00B6004DE13D /* Build configuration list for PBXNativeTarget "ZYY_MJExtensionStudy" */;
			buildPhases = (
				D6D2C677DC2E5FD4B6C3F0B0 /* [CP] Check Pods Manifest.lock */,
				A03E175C1D5B00B6004DE13D /* Sources */,
				A03E175D1D5B00B6004DE13D /* Frameworks */,
				A03E175E1D5B00B6004DE13D /* Resources */,
				D8F0C91881A9FAD6D21045B4 /* [CP] Embed Pods Frameworks */,
				6FA83205954B71A07326CE90 /* [CP] Copy Pods Resources */,
			);
			buildRules = (
			);
			dependencies = (
			);
			name = ZYY_MJExtensionStudy;
			productName = ZYY_MJExtensionStudy;
			productReference = A03E17601D5B00B6004DE13D /* ZYY_MJExtensionStudy.app */;
			productType = "com.apple.product-type.application";
		};
		A03E17781D5B00B6004DE13D /* ZYY_MJExtensionStudyTests */ = {
			isa = PBXNativeTarget;
			buildConfigurationList = A03E17901D5B00B6004DE13D /* Build configuration list for PBXNativeTarget "ZYY_MJExtensionStudyTests" */;
			buildPhases = (
				A03E17751D5B00B6004DE13D /* Sources */,
				A03E17761D5B00B6004DE13D /* Frameworks */,
				A03E17771D5B00B6004DE13D /* Resources */,
			);
			buildRules = (
			);
			dependencies = (
				A03E177B1D5B00B6004DE13D /* PBXTargetDependency */,
			);
			name = ZYY_MJExtensionStudyTests;
			productName = ZYY_MJExtensionStudyTests;
			productReference = A03E17791D5B00B6004DE13D /* ZYY_MJExtensionStudyTests.xctest */;
			productType = "com.apple.product-type.bundle.unit-test";
		};
		A03E17831D5B00B6004DE13D /* ZYY_MJExtensionStudyUITests */ = {
			isa = PBXNativeTarget;
			buildConfigurationList = A03E17931D5B00B6004DE13D /* Build configuration list for PBXNativeTarget "ZYY_MJExtensionStudyUITests" */;
			buildPhases = (
				A03E17801D5B00B6004DE13D /* Sources */,
				A03E17811D5B00B6004DE13D /* Frameworks */,
				A03E17821D5B00B6004DE13D /* Resources */,
			);
			buildRules = (
			);
			dependencies = (
				A03E17861D5B00B6004DE13D /* PBXTargetDependency */,
			);
			name = ZYY_MJExtensionStudyUITests;
			productName = ZYY_MJExtensionStudyUITests;
			productReference = A03E17841D5B00B6004DE13D /* ZYY_MJExtensionStudyUITests.xctest */;
			productType = "com.apple.product-type.bundle.ui-testing";
		};
/* End PBXNativeTarget section */

/* Begin PBXProject section */
		A03E17581D5B00B6004DE13D /* Project object */ = {
			isa = PBXProject;
			attributes = {
				LastUpgradeCheck = 0730;
				ORGANIZATIONNAME = "Tech-zhangyangyang";
				TargetAttributes = {
					A03E175F1D5B00B6004DE13D = {
						CreatedOnToolsVersion = 7.3.1;
					};
					A03E17781D5B00B6004DE13D = {
						CreatedOnToolsVersion = 7.3.1;
						TestTargetID = A03E175F1D5B00B6004DE13D;
					};
					A03E17831D5B00B6004DE13D = {
						CreatedOnToolsVersion = 7.3.1;
						TestTargetID = A03E175F1D5B00B6004DE13D;
					};
				};
			};
			buildConfigurationList = A03E175B1D5B00B6004DE13D /* Build configuration list for PBXProject "ZYY_MJExtensionStudy" */;
			compatibilityVersion = "Xcode 3.2";
			developmentRegion = English;
			hasScannedForEncodings = 0;
			knownRegions = (
				en,
				Base,
			);
			mainGroup = A03E17571D5B00B6004DE13D;
			productRefGroup = A03E17611D5B00B6004DE13D /* Products */;
			projectDirPath = "";
			projectRoot = "";
			targets = (
				A03E175F1D5B00B6004DE13D /* ZYY_MJExtensionStudy */,
				A03E17781D5B00B6004DE13D /* ZYY_MJExtensionStudyTests */,
				A03E17831D5B00B6004DE13D /* ZYY_MJExtensionStudyUITests */,
			);
		};
/* End PBXProject section */

/* Begin PBXResourcesBuildPhase section */
		A03E175E1D5B00B6004DE13D /* Resources */ = {
			isa = PBXResourcesBuildPhase;
			buildActionMask = 2147483647;
			files = (
				A03E17731D5B00B6004DE13D /* LaunchScreen.storyboard in Resources */,
				A03E17701D5B00B6004DE13D /* Assets.xcassets in Resources */,
				A03E176E1D5B00B6004DE13D /* Main.storyboard in Resources */,
			);
			runOnlyForDeploymentPostprocessing = 0;
		};
		A03E17771D5B00B6004DE13D /* Resources */ = {
			isa = PBXResourcesBuildPhase;
			buildActionMask = 2147483647;
			files = (
			);
			runOnlyForDeploymentPostprocessing = 0;
		};
		A03E17821D5B00B6004DE13D /* Resources */ = {
			isa = PBXResourcesBuildPhase;
			buildActionMask = 2147483647;
			files = (
			);
			runOnlyForDeploymentPostprocessing = 0;
		};
/* End PBXResourcesBuildPhase section */

/* Begin PBXShellScriptBuildPhase section */
		6FA83205954B71A07326CE90 /* [CP] Copy Pods Resources */ = {
			isa = PBXShellScriptBuildPhase;
			buildActionMask = 2147483647;
			files = (
			);
			inputPaths = (
			);
			name = "[CP] Copy Pods Resources";
			outputPaths = (
			);
			runOnlyForDeploymentPostprocessing = 0;
			shellPath = /bin/sh;
			shellScript = "\"${SRCROOT}/Pods/Target Support Files/Pods-ZYY_MJExtensionStudy/Pods-ZYY_MJExtensionStudy-resources.sh\"\n";
			showEnvVarsInLog = 0;
		};
		D6D2C677DC2E5FD4B6C3F0B0 /* [CP] Check Pods Manifest.lock */ = {
			isa = PBXShellScriptBuildPhase;
			buildActionMask = 2147483647;
			files = (
			);
			inputPaths = (
			);
			name = "[CP] Check Pods Manifest.lock";
			outputPaths = (
			);
			runOnlyForDeploymentPostprocessing = 0;
			shellPath = /bin/sh;
			shellScript = "diff \"${PODS_ROOT}/../Podfile.lock\" \"${PODS_ROOT}/Manifest.lock\" > /dev/null\nif [[ $? != 0 ]] ; then\n    cat << EOM\nerror: The sandbox is not in sync with the Podfile.lock. Run 'pod install' or update your CocoaPods installation.\nEOM\n    exit 1\nfi\n";
			showEnvVarsInLog = 0;
		};
		D8F0C91881A9FAD6D21045B4 /* [CP] Embed Pods Frameworks */ = {
			isa = PBXShellScriptBuildPhase;
			buildActionMask = 2147483647;
			files = (
			);
			inputPaths = (
			);
			name = "[CP] Embed Pods Frameworks";
			outputPaths = (
			);
			runOnlyForDeploymentPostprocessing = 0;
			shellPath = /bin/sh;
			shellScript = "\"${SRCROOT}/Pods/Target Support Files/Pods-ZYY_MJExtensionStudy/Pods-ZYY_MJExtensionStudy-frameworks.sh\"\n";
			showEnvVarsInLog = 0;
		};
/* End PBXShellScriptBuildPhase section */

/* Begin PBXSourcesBuildPhase section */
		A03E175C1D5B00B6004DE13D /* Sources */ = {
			isa = PBXSourcesBuildPhase;
			buildActionMask = 2147483647;
			files = (
				A03E176B1D5B00B6004DE13D /* ViewController.m in Sources */,
				A03E17681D5B00B6004DE13D /* AppDelegate.m in Sources */,
				A03E17651D5B00B6004DE13D /* main.m in Sources */,
			);
			runOnlyForDeploymentPostprocessing = 0;
		};
		A03E17751D5B00B6004DE13D /* Sources */ = {
			isa = PBXSourcesBuildPhase;
			buildActionMask = 2147483647;
			files = (
				A03E177E1D5B00B6004DE13D /* ZYY_MJExtensionStudyTests.m in Sources */,
			);
			runOnlyForDeploymentPostprocessing = 0;
		};
		A03E17801D5B00B6004DE13D /* Sources */ = {
			isa = PBXSourcesBuildPhase;
			buildActionMask = 2147483647;
			files = (
				A03E17891D5B00B6004DE13D /* ZYY_MJExtensionStudyUITests.m in Sources */,
			);
			runOnlyForDeploymentPostprocessing = 0;
		};
/* End PBXSourcesBuildPhase section */

/* Begin PBXTargetDependency section */
		A03E177B1D5B00B6004DE13D /* PBXTargetDependency */ = {
			isa = PBXTargetDependency;
			target = A03E175F1D5B00B6004DE13D /* ZYY_MJExtensionStudy */;
			targetProxy = A03E177A1D5B00B6004DE13D /* PBXContainerItemProxy */;
		};
		A03E17861D5B00B6004DE13D /* PBXTargetDependency */ = {
			isa = PBXTargetDependency;
			target = A03E175F1D5B00B6004DE13D /* ZYY_MJExtensionStudy */;
			targetProxy = A03E17851D5B00B6004DE13D /* PBXContainerItemProxy */;
		};
/* End PBXTargetDependency section */

/* Begin PBXVariantGroup section */
		A03E176C1D5B00B6004DE13D /* Main.storyboard */ = {
			isa = PBXVariantGroup;
			children = (
				A03E176D1D5B00B6004DE13D /* Base */,
			);
			name = Main.storyboard;
			sourceTree = "<group>";
		};
		A03E17711D5B00B6004DE13D /* LaunchScreen.storyboard */ = {
			isa = PBXVariantGroup;
			children = (
				A03E17721D5B00B6004DE13D /* Base */,
			);
			name = LaunchScreen.storyboard;
			sourceTree = "<group>";
		};
/* End PBXVariantGroup section */

/* Begin XCBuildConfiguration section */
		A03E178B1D5B00B6004DE13D /* Debug */ = {
			isa = XCBuildConfiguration;
			buildSettings = {
				ALWAYS_SEARCH_USER_PATHS = NO;
				CLANG_ANALYZER_NONNULL = YES;
				CLANG_CXX_LANGUAGE_STANDARD = "gnu++0x";
				CLANG_CXX_LIBRARY = "libc++";
				CLANG_ENABLE_MODULES = YES;
				CLANG_ENABLE_OBJC_ARC = YES;
				CLANG_WARN_BOOL_CONVERSION = YES;
				CLANG_WARN_CONSTANT_CONVERSION = YES;
				CLANG_WARN_DIRECT_OBJC_ISA_USAGE = YES_ERROR;
				CLANG_WARN_EMPTY_BODY = YES;
				CLANG_WARN_ENUM_CONVERSION = YES;
				CLANG_WARN_INT_CONVERSION = YES;
				CLANG_WARN_OBJC_ROOT_CLASS = YES_ERROR;
				CLANG_WARN_UNREACHABLE_CODE = YES;
				CLANG_WARN__DUPLICATE_METHOD_MATCH = YES;
				"CODE_SIGN_IDENTITY[sdk=iphoneos*]" = "iPhone Developer";
				COPY_PHASE_STRIP = NO;
				DEBUG_INFORMATION_FORMAT = dwarf;
				ENABLE_STRICT_OBJC_MSGSEND = YES;
				ENABLE_TESTABILITY = YES;
				GCC_C_LANGUAGE_STANDARD = gnu99;
				GCC_DYNAMIC_NO_PIC = NO;
				GCC_NO_COMMON_BLOCKS = YES;
				GCC_OPTIMIZATION_LEVEL = 0;
				GCC_PREPROCESSOR_DEFINITIONS = (
					"DEBUG=1",
					"$(inherited)",
				);
				GCC_WARN_64_TO_32_BIT_CONVERSION = YES;
				GCC_WARN_ABOUT_RETURN_TYPE = YES_ERROR;
				GCC_WARN_UNDECLARED_SELECTOR = YES;
				GCC_WARN_UNINITIALIZED_AUTOS = YES_AGGRESSIVE;
				GCC_WARN_UNUSED_FUNCTION = YES;
				GCC_WARN_UNUSED_VARIABLE = YES;
				IPHONEOS_DEPLOYMENT_TARGET = 9.3;
				MTL_ENABLE_DEBUG_INFO = YES;
				ONLY_ACTIVE_ARCH = YES;
				SDKROOT = iphoneos;
				TARGETED_DEVICE_FAMILY = "1,2";
			};
			name = Debug;
		};
		A03E178C1D5B00B6004DE13D /* Release */ = {
			isa = XCBuildConfiguration;
			buildSettings = {
				ALWAYS_SEARCH_USER_PATHS = NO;
				CLANG_ANALYZER_NONNULL = YES;
				CLANG_CXX_LANGUAGE_STANDARD = "gnu++0x";
				CLANG_CXX_LIBRARY = "libc++";
				CLANG_ENABLE_MODULES = YES;
				CLANG_ENABLE_OBJC_ARC = YES;
				CLANG_WARN_BOOL_CONVERSION = YES;
				CLANG_WARN_CONSTANT_CONVERSION = YES;
				CLANG_WARN_DIRECT_OBJC_ISA_USAGE = YES_ERROR;
				CLANG_WARN_EMPTY_BODY = YES;
				CLANG_WARN_ENUM_CONVERSION = YES;
				CLANG_WARN_INT_CONVERSION = YES;
				CLANG_WARN_OBJC_ROOT_CLASS = YES_ERROR;
				CLANG_WARN_UNREACHABLE_CODE = YES;
				CLANG_WARN__DUPLICATE_METHOD_MATCH = YES;
				"CODE_SIGN_IDENTITY[sdk=iphoneos*]" = "iPhone Developer";
				COPY_PHASE_STRIP = NO;
				DEBUG_INFORMATION_FORMAT = "dwarf-with-dsym";
				ENABLE_NS_ASSERTIONS = NO;
				ENABLE_STRICT_OBJC_MSGSEND = YES;
				GCC_C_LANGUAGE_STANDARD = gnu99;
				GCC_NO_COMMON_BLOCKS = YES;
				GCC_WARN_64_TO_32_BIT_CONVERSION = YES;
				GCC_WARN_ABOUT_RETURN_TYPE = YES_ERROR;
				GCC_WARN_UNDECLARED_SELECTOR = YES;
				GCC_WARN_UNINITIALIZED_AUTOS = YES_AGGRESSIVE;
				GCC_WARN_UNUSED_FUNCTION = YES;
				GCC_WARN_UNUSED_VARIABLE = YES;
				IPHONEOS_DEPLOYMENT_TARGET = 9.3;
				MTL_ENABLE_DEBUG_INFO = NO;
				SDKROOT = iphoneos;
				TARGETED_DEVICE_FAMILY = "1,2";
				VALIDATE_PRODUCT = YES;
			};
			name = Release;
		};
		A03E178E1D5B00B6004DE13D /* Debug */ = {
			isa = XCBuildConfiguration;
			baseConfigurationReference = 792D11DBEF7E15CC835E6B63 /* Pods-ZYY_MJExtensionStudy.debug.xcconfig */;
			buildSettings = {
				ASSETCATALOG_COMPILER_APPICON_NAME = AppIcon;
				INFOPLIST_FILE = ZYY_MJExtensionStudy/Info.plist;
				LD_RUNPATH_SEARCH_PATHS = "$(inherited) @executable_path/Frameworks";
				PRODUCT_BUNDLE_IDENTIFIER = "yirendai.ZYY-MJExtensionStudy";
				PRODUCT_NAME = "$(TARGET_NAME)";
			};
			name = Debug;
		};
		A03E178F1D5B00B6004DE13D /* Release */ = {
			isa = XCBuildConfiguration;
			baseConfigurationReference = 3588CD6FC40DA4218411C7DC /* Pods-ZYY_MJExtensionStudy.release.xcconfig */;
			buildSettings = {
				ASSETCATALOG_COMPILER_APPICON_NAME = AppIcon;
				INFOPLIST_FILE = ZYY_MJExtensionStudy/Info.plist;
				LD_RUNPATH_SEARCH_PATHS = "$(inherited) @executable_path/Frameworks";
				PRODUCT_BUNDLE_IDENTIFIER = "yirendai.ZYY-MJExtensionStudy";
				PRODUCT_NAME = "$(TARGET_NAME)";
			};
			name = Release;
		};
		A03E17911D5B00B6004DE13D /* Debug */ = {
			isa = XCBuildConfiguration;
			buildSettings = {
				BUNDLE_LOADER = "$(TEST_HOST)";
				INFOPLIST_FILE = ZYY_MJExtensionStudyTests/Info.plist;
				LD_RUNPATH_SEARCH_PATHS = "$(inherited) @executable_path/Frameworks @loader_path/Frameworks";
				PRODUCT_BUNDLE_IDENTIFIER = "yirendai.ZYY-MJExtensionStudyTests";
				PRODUCT_NAME = "$(TARGET_NAME)";
				TEST_HOST = "$(BUILT_PRODUCTS_DIR)/ZYY_MJExtensionStudy.app/ZYY_MJExtensionStudy";
			};
			name = Debug;
		};
		A03E17921D5B00B6004DE13D /* Release */ = {
			isa = XCBuildConfiguration;
			buildSettings = {
				BUNDLE_LOADER = "$(TEST_HOST)";
				INFOPLIST_FILE = ZYY_MJExtensionStudyTests/Info.plist;
				LD_RUNPATH_SEARCH_PATHS = "$(inherited) @executable_path/Frameworks @loader_path/Frameworks";
				PRODUCT_BUNDLE_IDENTIFIER = "yirendai.ZYY-MJExtensionStudyTests";
				PRODUCT_NAME = "$(TARGET_NAME)";
				TEST_HOST = "$(BUILT_PRODUCTS_DIR)/ZYY_MJExtensionStudy.app/ZYY_MJExtensionStudy";
			};
			name = Release;
		};
		A03E17941D5B00B6004DE13D /* Debug */ = {
			isa = XCBuildConfiguration;
			buildSettings = {
				INFOPLIST_FILE = ZYY_MJExtensionStudyUITests/Info.plist;
				LD_RUNPATH_SEARCH_PATHS = "$(inherited) @executable_path/Frameworks @loader_path/Frameworks";
				PRODUCT_BUNDLE_IDENTIFIER = "yirendai.ZYY-MJExtensionStudyUITests";
				PRODUCT_NAME = "$(TARGET_NAME)";
				TEST_TARGET_NAME = ZYY_MJExtensionStudy;
			};
			name = Debug;
		};
		A03E17951D5B00B6004DE13D /* Release */ = {
			isa = XCBuildConfiguration;
			buildSettings = {
				INFOPLIST_FILE = ZYY_MJExtensionStudyUITests/Info.plist;
				LD_RUNPATH_SEARCH_PATHS = "$(inherited) @executable_path/Frameworks @loader_path/Frameworks";
				PRODUCT_BUNDLE_IDENTIFIER = "yirendai.ZYY-MJExtensionStudyUITests";
				PRODUCT_NAME = "$(TARGET_NAME)";
				TEST_TARGET_NAME = ZYY_MJExtensionStudy;
			};
			name = Release;
		};
/* End XCBuildConfiguration section */

/* Begin XCConfigurationList section */
		A03E175B1D5B00B6004DE13D /* Build configuration list for PBXProject "ZYY_MJExtensionStudy" */ = {
			isa = XCConfigurationList;
			buildConfigurations = (
				A03E178B1D5B00B6004DE13D /* Debug */,
				A03E178C1D5B00B6004DE13D /* Release */,
			);
			defaultConfigurationIsVisible = 0;
			defaultConfigurationName = Release;
		};
		A03E178D1D5B00B6004DE13D /* Build configuration list for PBXNativeTarget "ZYY_MJExtensionStudy" */ = {
			isa = XCConfigurationList;
			buildConfigurations = (
				A03E178E1D5B00B6004DE13D /* Debug */,
				A03E178F1D5B00B6004DE13D /* Release */,
			);
			defaultConfigurationIsVisible = 0;
			defaultConfigurationName = Release;
		};
		A03E17901D5B00B6004DE13D /* Build configuration list for PBXNativeTarget "ZYY_MJExtensionStudyTests" */ = {
			isa = XCConfigurationList;
			buildConfigurations = (
				A03E17911D5B00B6004DE13D /* Debug */,
				A03E17921D5B00B6004DE13D /* Release */,
			);
			defaultConfigurationIsVisible = 0;
			defaultConfigurationName = Release;
		};
		A03E17931D5B00B6004DE13D /* Build configuration list for PBXNativeTarget "ZYY_MJExtensionStudyUITests" */ = {
			isa = XCConfigurationList;
			buildConfigurations = (
				A03E17941D5B00B6004DE13D /* Debug */,
				A03E17951D5B00B6004DE13D /* Release */,
			);
			defaultConfigurationIsVisible = 0;
			defaultConfigurationName = Release;
		};
/* End XCConfigurationList section */
	};
	rootObject = A03E17581D5B00B6004DE13D /* Project object */;
}
